
Microsoft Visual Studio Solution File, Format Version 12.00
# Visual Studio 14
VisualStudioVersion = 14.0.25420.1
MinimumVisualStudioVersion = 10.0.40219.1
Project("{FAE04EC0-301F-11D3-BF4B-00C04F79EFBC}") = "Parser.Logic.Contracts", "Logic.Contracts\Parser.Logic.Contracts.csproj", "{48CA4B76-5667-46ED-B7D7-A2E44FBDC433}"
EndProject
Project("{2150E333-8FDC-42A3-9474-1A3956D46DE8}") = "Core", "Core", "{C422F31B-C89A-43CB-AAF3-3E5AC130E2B6}"
EndProject
Project("{FAE04EC0-301F-11D3-BF4B-00C04F79EFBC}") = "Parser.Logic", "Logic\Parser.Logic.csproj", "{FA0DC2B6-637A-4D42-912E-568D0232E537}"
EndProject
Project("{2150E333-8FDC-42A3-9474-1A3956D46DE8}") = "UI", "UI", "{166CEEB5-4349-448F-B4E1-BC4B48FDA18A}"
EndProject
Project("{FAE04EC0-301F-11D3-BF4B-00C04F79EFBC}") = "Parser", "JsonAndXml\Parser.csproj", "{65D23E5B-85A0-4D8D-B8A6-FD2C298160EE}"
EndProject
Global
	GlobalSection(SolutionConfigurationPlatforms) = preSolution
		Debug|Any CPU = Debug|Any CPU
		Release|Any CPU = Release|Any CPU
	EndGlobalSection
	GlobalSection(ProjectConfigurationPlatforms) = postSolution
		{48CA4B76-5667-46ED-B7D7-A2E44FBDC433}.Debug|Any CPU.ActiveCfg = Debug|Any CPU
		{48CA4B76-5667-46ED-B7D7-A2E44FBDC433}.Debug|Any CPU.Build.0 = Debug|Any CPU
		{48CA4B76-5667-46ED-B7D7-A2E44FBDC433}.Release|Any CPU.ActiveCfg = Release|Any CPU
		{48CA4B76-5667-46ED-B7D7-A2E44FBDC433}.Release|Any CPU.Build.0 = Release|Any CPU
		{FA0DC2B6-637A-4D42-912E-568D0232E537}.Debug|Any CPU.ActiveCfg = Debug|Any CPU
		{FA0DC2B6-637A-4D42-912E-568D0232E537}.Debug|Any CPU.Build.0 = Debug|Any CPU
		{FA0DC2B6-637A-4D42-912E-568D0232E537}.Release|Any CPU.ActiveCfg = Release|Any CPU
		{FA0DC2B6-637A-4D42-912E-568D0232E537}.Release|Any CPU.Build.0 = Release|Any CPU
		{65D23E5B-85A0-4D8D-B8A6-FD2C298160EE}.Debug|Any CPU.ActiveCfg = Debug|Any CPU
		{65D23E5B-85A0-4D8D-B8A6-FD2C298160EE}.Debug|Any CPU.Build.0 = Debug|Any CPU
		{65D23E5B-85A0-4D8D-B8A6-FD2C298160EE}.Release|Any CPU.ActiveCfg = Release|Any CPU
		{65D23E5B-85A0-4D8D-B8A6-FD2C298160EE}.Release|Any CPU.Build.0 = Release|Any CPU
	EndGlobalSection
	GlobalSection(SolutionProperties) = preSolution
		HideSolutionNode = FALSE
	EndGlobalSection
	GlobalSection(NestedProjects) = preSolution
		{48CA4B76-5667-46ED-B7D7-A2E44FBDC433} = {C422F31B-C89A-43CB-AAF3-3E5AC130E2B6}
		{FA0DC2B6-637A-4D42-912E-568D0232E537} = {C422F31B-C89A-43CB-AAF3-3E5AC130E2B6}
		{65D23E5B-85A0-4D8D-B8A6-FD2C298160EE} = {166CEEB5-4349-448F-B4E1-BC4B48FDA18A}
	EndGlobalSection
EndGlobal
